{
  "name": "solarcoop-integration-tests",
  "lockfileVersion": 3,
  "requires": true,
  "packages": {
    "": {
      "name": "solarcoop-integration-tests",
      "devDependencies": {
        "@electric-sql/pglite": "0.5.8",
        "react-test-renderer": "19.2.3"
      }
    },
    "node_modules/@electric-sql/pglite": {
      "version": "0.5.8",
      "resolved": "https://registry.npmjs.org/@electric-sql/pglite/-/pglite-0.5.8.tgz",
      "integrity": "sha512-n9tsbUOhwx2epK1V0ZG9Ar4SHWUju04dhmzZXiSBXwBoleOvIfals33NAaWgagQVAL4Rbvx/Ptsu3P+pA09f6Q==",
      "dev": true,
      "license": "Apache-2.0"
    },
    "node_modules/react-is": {
      "version": "19.3.0",
      "resolved": "https://registry.npmjs.org/react-is/-/react-is-19.3.0.tgz",
      "integrity": "sha512-UpMYezM4v5/18F28aC66AEsjXIgE02kyEMH6yLdgLXu/UTfa1Ntwck/nNLrbqJsEXW7gPb0coNO9FQse9WTovA==",
      "dev": true,
      "license": "MIT"
    },
    "node_modules/react-test-renderer": {
      "version": "19.2.3",
      "resolved": "https://registry.npmjs.org/react-test-renderer/-/react-test-renderer-19.2.3.tgz",
      "integrity": "sha512-TMR1LnSFiWZMJkCgNf5ATSvAheTT2NvKIwiVwdBPHxjBI7n/JbWd4gaZ16DVd9foAXdvDz+sB5yxZTwMjPRxpw==",
      "dev": true,
      "license": "MIT",
      "dependencies": {
        "react-is": "^19.2.3",
        "scheduler": "^0.27.0"
      },
      "peerDependencies": {
        "react": "^19.2.3"
      }
    },
    "node_modules/scheduler": {
      "version": "0.27.0",
      "resolved": "https://registry.npmjs.org/scheduler/-/scheduler-0.27.0.tgz",
      "integrity": "sha512-eNv+WrVbKu1f3vbYJT/xtiF5syA5HPIMtf9IgY/nKg0sWqzAUEvqY/xm7OcZc/qafLx/iO9FgOmeSAp4v5ti/Q==",
      "dev": true,
      "license": "MIT"
    }
  }
}
